
Microsoft Visual Studio Solution File, Format Version 12.00
# Visual Studio 15
VisualStudioVersion = 15.0.26403.7
MinimumVisualStudioVersion = 10.0.40219.1
Project("{2150E333-8FDC-42A3-9474-1A3956D46DE8}") = "LORA_XBEE", "LORA_XBEE", "{64F0C92F-A434-4B98-B843-00162ABDB08D}"
EndProject
Project("{FAE04EC0-301F-11D3-BF4B-00C04F79EFBC}") = "XbeeNode", "XbeeNode\XbeeNode.csproj", "{D730C0CE-CFCA-4956-8C26-1FE6F4A9C81C}"
EndProject
Project("{2150E333-8FDC-42A3-9474-1A3956D46DE8}") = "SMART_ASSISTANT", "SMART_ASSISTANT", "{E55C97B6-ABA3-4DFE-80B4-9EACA031D8F0}"
EndProject
Project("{FAE04EC0-301F-11D3-BF4B-00C04F79EFBC}") = "GameBoy", "GameBoy\GameBoy.csproj", "{95CF016C-4EB2-4716-8A6C-92D014C19A39}"
EndProject
Project("{FAE04EC0-301F-11D3-BF4B-00C04F79EFBC}") = "LoraReceiver", "LoraReceiver\LoraReceiver.csproj", "{76FFC36B-789C-4201-8F5D-EEEC05EE9640}"
EndProject
Project("{FAE04EC0-301F-11D3-BF4B-00C04F79EFBC}") = "HomeController", "HomeController\HomeController.csproj", "{EAF24E24-1611-4034-AD27-85ABB3706C8C}"
EndProject
Project("{FAE04EC0-301F-11D3-BF4B-00C04F79EFBC}") = "SmartAssistant", "SmartAssistant\SmartAssistant.csproj", "{2DC0D5EC-E1F3-4FE5-AB48-33B849C8FDC1}"
EndProject
Project("{2150E333-8FDC-42A3-9474-1A3956D46DE8}") = "SMART_CCTV", "SMART_CCTV", "{ABC6A119-4561-4313-B779-790F5692D3D4}"
EndProject
Project("{2150E333-8FDC-42A3-9474-1A3956D46DE8}") = "Translator", "Translator", "{D3ED5789-8BDD-4E2C-9D25-68EC04E9BBF0}"
EndProject
Project("{FAE04EC0-301F-11D3-BF4B-00C04F79EFBC}") = "SpeechTranslator", "SpeechTranslator-master\SpeechTranslator.csproj", "{4D6089AB-F0AF-450C-8978-4D2B943E9A1F}"
EndProject
Project("{FAE04EC0-301F-11D3-BF4B-00C04F79EFBC}") = "VideoFrameAnalyzer", "VideoFrameAnalyzer\VideoFrameAnalyzer.csproj", "{BEC7DA78-C953-4A72-924F-2749D1F9F18B}"
EndProject
Project("{FAE04EC0-301F-11D3-BF4B-00C04F79EFBC}") = "LiveCameraSample", "LiveCameraSample\LiveCameraSample.csproj", "{5B40977E-E8FA-41BC-8F0A-6D6FDE237571}"
EndProject
Global
	GlobalSection(SolutionConfigurationPlatforms) = preSolution
		Debug|Any CPU = Debug|Any CPU
		Debug|ARM = Debug|ARM
		Debug|x64 = Debug|x64
		Debug|x86 = Debug|x86
		Release|Any CPU = Release|Any CPU
		Release|ARM = Release|ARM
		Release|x64 = Release|x64
		Release|x86 = Release|x86
	EndGlobalSection
	GlobalSection(ProjectConfigurationPlatforms) = postSolution
		{D730C0CE-CFCA-4956-8C26-1FE6F4A9C81C}.Debug|Any CPU.ActiveCfg = Debug|Any CPU
		{D730C0CE-CFCA-4956-8C26-1FE6F4A9C81C}.Debug|Any CPU.Build.0 = Debug|Any CPU
		{D730C0CE-CFCA-4956-8C26-1FE6F4A9C81C}.Debug|Any CPU.Deploy.0 = Debug|Any CPU
		{D730C0CE-CFCA-4956-8C26-1FE6F4A9C81C}.Debug|ARM.ActiveCfg = Debug|Any CPU
		{D730C0CE-CFCA-4956-8C26-1FE6F4A9C81C}.Debug|x64.ActiveCfg = Debug|Any CPU
		{D730C0CE-CFCA-4956-8C26-1FE6F4A9C81C}.Debug|x86.ActiveCfg = Debug|Any CPU
		{D730C0CE-CFCA-4956-8C26-1FE6F4A9C81C}.Release|Any CPU.ActiveCfg = Release|Any CPU
		{D730C0CE-CFCA-4956-8C26-1FE6F4A9C81C}.Release|Any CPU.Build.0 = Release|Any CPU
		{D730C0CE-CFCA-4956-8C26-1FE6F4A9C81C}.Release|Any CPU.Deploy.0 = Release|Any CPU
		{D730C0CE-CFCA-4956-8C26-1FE6F4A9C81C}.Release|ARM.ActiveCfg = Release|Any CPU
		{D730C0CE-CFCA-4956-8C26-1FE6F4A9C81C}.Release|x64.ActiveCfg = Release|Any CPU
		{D730C0CE-CFCA-4956-8C26-1FE6F4A9C81C}.Release|x86.ActiveCfg = Release|Any CPU
		{95CF016C-4EB2-4716-8A6C-92D014C19A39}.Debug|Any CPU.ActiveCfg = Debug|Any CPU
		{95CF016C-4EB2-4716-8A6C-92D014C19A39}.Debug|Any CPU.Build.0 = Debug|Any CPU
		{95CF016C-4EB2-4716-8A6C-92D014C19A39}.Debug|Any CPU.Deploy.0 = Debug|Any CPU
		{95CF016C-4EB2-4716-8A6C-92D014C19A39}.Debug|ARM.ActiveCfg = Debug|Any CPU
		{95CF016C-4EB2-4716-8A6C-92D014C19A39}.Debug|x64.ActiveCfg = Debug|Any CPU
		{95CF016C-4EB2-4716-8A6C-92D014C19A39}.Debug|x86.ActiveCfg = Debug|Any CPU
		{95CF016C-4EB2-4716-8A6C-92D014C19A39}.Release|Any CPU.ActiveCfg = Release|Any CPU
		{95CF016C-4EB2-4716-8A6C-92D014C19A39}.Release|Any CPU.Build.0 = Release|Any CPU
		{95CF016C-4EB2-4716-8A6C-92D014C19A39}.Release|Any CPU.Deploy.0 = Release|Any CPU
		{95CF016C-4EB2-4716-8A6C-92D014C19A39}.Release|ARM.ActiveCfg = Release|Any CPU
		{95CF016C-4EB2-4716-8A6C-92D014C19A39}.Release|x64.ActiveCfg = Release|Any CPU
		{95CF016C-4EB2-4716-8A6C-92D014C19A39}.Release|x86.ActiveCfg = Release|Any CPU
		{76FFC36B-789C-4201-8F5D-EEEC05EE9640}.Debug|Any CPU.ActiveCfg = Debug|Any CPU
		{76FFC36B-789C-4201-8F5D-EEEC05EE9640}.Debug|Any CPU.Build.0 = Debug|Any CPU
		{76FFC36B-789C-4201-8F5D-EEEC05EE9640}.Debug|Any CPU.Deploy.0 = Debug|Any CPU
		{76FFC36B-789C-4201-8F5D-EEEC05EE9640}.Debug|ARM.ActiveCfg = Debug|Any CPU
		{76FFC36B-789C-4201-8F5D-EEEC05EE9640}.Debug|x64.ActiveCfg = Debug|Any CPU
		{76FFC36B-789C-4201-8F5D-EEEC05EE9640}.Debug|x86.ActiveCfg = Debug|Any CPU
		{76FFC36B-789C-4201-8F5D-EEEC05EE9640}.Release|Any CPU.ActiveCfg = Release|Any CPU
		{76FFC36B-789C-4201-8F5D-EEEC05EE9640}.Release|Any CPU.Build.0 = Release|Any CPU
		{76FFC36B-789C-4201-8F5D-EEEC05EE9640}.Release|Any CPU.Deploy.0 = Release|Any CPU
		{76FFC36B-789C-4201-8F5D-EEEC05EE9640}.Release|ARM.ActiveCfg = Release|Any CPU
		{76FFC36B-789C-4201-8F5D-EEEC05EE9640}.Release|x64.ActiveCfg = Release|Any CPU
		{76FFC36B-789C-4201-8F5D-EEEC05EE9640}.Release|x86.ActiveCfg = Release|Any CPU
		{EAF24E24-1611-4034-AD27-85ABB3706C8C}.Debug|Any CPU.ActiveCfg = Debug|x86
		{EAF24E24-1611-4034-AD27-85ABB3706C8C}.Debug|ARM.ActiveCfg = Debug|ARM
		{EAF24E24-1611-4034-AD27-85ABB3706C8C}.Debug|ARM.Build.0 = Debug|ARM
		{EAF24E24-1611-4034-AD27-85ABB3706C8C}.Debug|ARM.Deploy.0 = Debug|ARM
		{EAF24E24-1611-4034-AD27-85ABB3706C8C}.Debug|x64.ActiveCfg = Debug|x64
		{EAF24E24-1611-4034-AD27-85ABB3706C8C}.Debug|x64.Build.0 = Debug|x64
		{EAF24E24-1611-4034-AD27-85ABB3706C8C}.Debug|x64.Deploy.0 = Debug|x64
		{EAF24E24-1611-4034-AD27-85ABB3706C8C}.Debug|x86.ActiveCfg = Debug|x86
		{EAF24E24-1611-4034-AD27-85ABB3706C8C}.Debug|x86.Build.0 = Debug|x86
		{EAF24E24-1611-4034-AD27-85ABB3706C8C}.Debug|x86.Deploy.0 = Debug|x86
		{EAF24E24-1611-4034-AD27-85ABB3706C8C}.Release|Any CPU.ActiveCfg = Release|x86
		{EAF24E24-1611-4034-AD27-85ABB3706C8C}.Release|ARM.ActiveCfg = Release|ARM
		{EAF24E24-1611-4034-AD27-85ABB3706C8C}.Release|ARM.Build.0 = Release|ARM
		{EAF24E24-1611-4034-AD27-85ABB3706C8C}.Release|ARM.Deploy.0 = Release|ARM
		{EAF24E24-1611-4034-AD27-85ABB3706C8C}.Release|x64.ActiveCfg = Release|x64
		{EAF24E24-1611-4034-AD27-85ABB3706C8C}.Release|x64.Build.0 = Release|x64
		{EAF24E24-1611-4034-AD27-85ABB3706C8C}.Release|x64.Deploy.0 = Release|x64
		{EAF24E24-1611-4034-AD27-85ABB3706C8C}.Release|x86.ActiveCfg = Release|x86
		{EAF24E24-1611-4034-AD27-85ABB3706C8C}.Release|x86.Build.0 = Release|x86
		{EAF24E24-1611-4034-AD27-85ABB3706C8C}.Release|x86.Deploy.0 = Release|x86
		{2DC0D5EC-E1F3-4FE5-AB48-33B849C8FDC1}.Debug|Any CPU.ActiveCfg = Debug|x86
		{2DC0D5EC-E1F3-4FE5-AB48-33B849C8FDC1}.Debug|ARM.ActiveCfg = Debug|ARM
		{2DC0D5EC-E1F3-4FE5-AB48-33B849C8FDC1}.Debug|ARM.Build.0 = Debug|ARM
		{2DC0D5EC-E1F3-4FE5-AB48-33B849C8FDC1}.Debug|ARM.Deploy.0 = Debug|ARM
		{2DC0D5EC-E1F3-4FE5-AB48-33B849C8FDC1}.Debug|x64.ActiveCfg = Debug|x64
		{2DC0D5EC-E1F3-4FE5-AB48-33B849C8FDC1}.Debug|x64.Build.0 = Debug|x64
		{2DC0D5EC-E1F3-4FE5-AB48-33B849C8FDC1}.Debug|x64.Deploy.0 = Debug|x64
		{2DC0D5EC-E1F3-4FE5-AB48-33B849C8FDC1}.Debug|x86.ActiveCfg = Debug|x86
		{2DC0D5EC-E1F3-4FE5-AB48-33B849C8FDC1}.Debug|x86.Build.0 = Debug|x86
		{2DC0D5EC-E1F3-4FE5-AB48-33B849C8FDC1}.Debug|x86.Deploy.0 = Debug|x86
		{2DC0D5EC-E1F3-4FE5-AB48-33B849C8FDC1}.Release|Any CPU.ActiveCfg = Release|x86
		{2DC0D5EC-E1F3-4FE5-AB48-33B849C8FDC1}.Release|ARM.ActiveCfg = Release|ARM
		{2DC0D5EC-E1F3-4FE5-AB48-33B849C8FDC1}.Release|ARM.Build.0 = Release|ARM
		{2DC0D5EC-E1F3-4FE5-AB48-33B849C8FDC1}.Release|ARM.Deploy.0 = Release|ARM
		{2DC0D5EC-E1F3-4FE5-AB48-33B849C8FDC1}.Release|x64.ActiveCfg = Release|x64
		{2DC0D5EC-E1F3-4FE5-AB48-33B849C8FDC1}.Release|x64.Build.0 = Release|x64
		{2DC0D5EC-E1F3-4FE5-AB48-33B849C8FDC1}.Release|x64.Deploy.0 = Release|x64
		{2DC0D5EC-E1F3-4FE5-AB48-33B849C8FDC1}.Release|x86.ActiveCfg = Release|x86
		{2DC0D5EC-E1F3-4FE5-AB48-33B849C8FDC1}.Release|x86.Build.0 = Release|x86
		{2DC0D5EC-E1F3-4FE5-AB48-33B849C8FDC1}.Release|x86.Deploy.0 = Release|x86
		{4D6089AB-F0AF-450C-8978-4D2B943E9A1F}.Debug|Any CPU.ActiveCfg = Debug|Any CPU
		{4D6089AB-F0AF-450C-8978-4D2B943E9A1F}.Debug|Any CPU.Build.0 = Debug|Any CPU
		{4D6089AB-F0AF-450C-8978-4D2B943E9A1F}.Debug|ARM.ActiveCfg = Debug|Any CPU
		{4D6089AB-F0AF-450C-8978-4D2B943E9A1F}.Debug|ARM.Build.0 = Debug|Any CPU
		{4D6089AB-F0AF-450C-8978-4D2B943E9A1F}.Debug|x64.ActiveCfg = Debug|Any CPU
		{4D6089AB-F0AF-450C-8978-4D2B943E9A1F}.Debug|x64.Build.0 = Debug|Any CPU
		{4D6089AB-F0AF-450C-8978-4D2B943E9A1F}.Debug|x86.ActiveCfg = Debug|Any CPU
		{4D6089AB-F0AF-450C-8978-4D2B943E9A1F}.Debug|x86.Build.0 = Debug|Any CPU
		{4D6089AB-F0AF-450C-8978-4D2B943E9A1F}.Release|Any CPU.ActiveCfg = Release|Any CPU
		{4D6089AB-F0AF-450C-8978-4D2B943E9A1F}.Release|Any CPU.Build.0 = Release|Any CPU
		{4D6089AB-F0AF-450C-8978-4D2B943E9A1F}.Release|ARM.ActiveCfg = Release|Any CPU
		{4D6089AB-F0AF-450C-8978-4D2B943E9A1F}.Release|ARM.Build.0 = Release|Any CPU
		{4D6089AB-F0AF-450C-8978-4D2B943E9A1F}.Release|x64.ActiveCfg = Release|Any CPU
		{4D6089AB-F0AF-450C-8978-4D2B943E9A1F}.Release|x64.Build.0 = Release|Any CPU
		{4D6089AB-F0AF-450C-8978-4D2B943E9A1F}.Release|x86.ActiveCfg = Release|Any CPU
		{4D6089AB-F0AF-450C-8978-4D2B943E9A1F}.Release|x86.Build.0 = Release|Any CPU
		{BEC7DA78-C953-4A72-924F-2749D1F9F18B}.Debug|Any CPU.ActiveCfg = Debug|Any CPU
		{BEC7DA78-C953-4A72-924F-2749D1F9F18B}.Debug|Any CPU.Build.0 = Debug|Any CPU
		{BEC7DA78-C953-4A72-924F-2749D1F9F18B}.Debug|ARM.ActiveCfg = Debug|Any CPU
		{BEC7DA78-C953-4A72-924F-2749D1F9F18B}.Debug|ARM.Build.0 = Debug|Any CPU
		{BEC7DA78-C953-4A72-924F-2749D1F9F18B}.Debug|x64.ActiveCfg = Debug|Any CPU
		{BEC7DA78-C953-4A72-924F-2749D1F9F18B}.Debug|x64.Build.0 = Debug|Any CPU
		{BEC7DA78-C953-4A72-924F-2749D1F9F18B}.Debug|x86.ActiveCfg = Debug|Any CPU
		{BEC7DA78-C953-4A72-924F-2749D1F9F18B}.Debug|x86.Build.0 = Debug|Any CPU
		{BEC7DA78-C953-4A72-924F-2749D1F9F18B}.Release|Any CPU.ActiveCfg = Release|Any CPU
		{BEC7DA78-C953-4A72-924F-2749D1F9F18B}.Release|Any CPU.Build.0 = Release|Any CPU
		{BEC7DA78-C953-4A72-924F-2749D1F9F18B}.Release|ARM.ActiveCfg = Release|Any CPU
		{BEC7DA78-C953-4A72-924F-2749D1F9F18B}.Release|ARM.Build.0 = Release|Any CPU
		{BEC7DA78-C953-4A72-924F-2749D1F9F18B}.Release|x64.ActiveCfg = Release|Any CPU
		{BEC7DA78-C953-4A72-924F-2749D1F9F18B}.Release|x64.Build.0 = Release|Any CPU
		{BEC7DA78-C953-4A72-924F-2749D1F9F18B}.Release|x86.ActiveCfg = Release|Any CPU
		{BEC7DA78-C953-4A72-924F-2749D1F9F18B}.Release|x86.Build.0 = Release|Any CPU
		{5B40977E-E8FA-41BC-8F0A-6D6FDE237571}.Debug|Any CPU.ActiveCfg = Debug|Any CPU
		{5B40977E-E8FA-41BC-8F0A-6D6FDE237571}.Debug|Any CPU.Build.0 = Debug|Any CPU
		{5B40977E-E8FA-41BC-8F0A-6D6FDE237571}.Debug|ARM.ActiveCfg = Debug|Any CPU
		{5B40977E-E8FA-41BC-8F0A-6D6FDE237571}.Debug|ARM.Build.0 = Debug|Any CPU
		{5B40977E-E8FA-41BC-8F0A-6D6FDE237571}.Debug|x64.ActiveCfg = Debug|Any CPU
		{5B40977E-E8FA-41BC-8F0A-6D6FDE237571}.Debug|x64.Build.0 = Debug|Any CPU
		{5B40977E-E8FA-41BC-8F0A-6D6FDE237571}.Debug|x86.ActiveCfg = Debug|Any CPU
		{5B40977E-E8FA-41BC-8F0A-6D6FDE237571}.Debug|x86.Build.0 = Debug|Any CPU
		{5B40977E-E8FA-41BC-8F0A-6D6FDE237571}.Release|Any CPU.ActiveCfg = Release|Any CPU
		{5B40977E-E8FA-41BC-8F0A-6D6FDE237571}.Release|Any CPU.Build.0 = Release|Any CPU
		{5B40977E-E8FA-41BC-8F0A-6D6FDE237571}.Release|ARM.ActiveCfg = Release|Any CPU
		{5B40977E-E8FA-41BC-8F0A-6D6FDE237571}.Release|ARM.Build.0 = Release|Any CPU
		{5B40977E-E8FA-41BC-8F0A-6D6FDE237571}.Release|x64.ActiveCfg = Release|Any CPU
		{5B40977E-E8FA-41BC-8F0A-6D6FDE237571}.Release|x64.Build.0 = Release|Any CPU
		{5B40977E-E8FA-41BC-8F0A-6D6FDE237571}.Release|x86.ActiveCfg = Release|Any CPU
		{5B40977E-E8FA-41BC-8F0A-6D6FDE237571}.Release|x86.Build.0 = Release|Any CPU
	EndGlobalSection
	GlobalSection(SolutionProperties) = preSolution
		HideSolutionNode = FALSE
	EndGlobalSection
	GlobalSection(NestedProjects) = preSolution
		{D730C0CE-CFCA-4956-8C26-1FE6F4A9C81C} = {64F0C92F-A434-4B98-B843-00162ABDB08D}
		{95CF016C-4EB2-4716-8A6C-92D014C19A39} = {64F0C92F-A434-4B98-B843-00162ABDB08D}
		{76FFC36B-789C-4201-8F5D-EEEC05EE9640} = {64F0C92F-A434-4B98-B843-00162ABDB08D}
		{EAF24E24-1611-4034-AD27-85ABB3706C8C} = {E55C97B6-ABA3-4DFE-80B4-9EACA031D8F0}
		{2DC0D5EC-E1F3-4FE5-AB48-33B849C8FDC1} = {E55C97B6-ABA3-4DFE-80B4-9EACA031D8F0}
		{4D6089AB-F0AF-450C-8978-4D2B943E9A1F} = {D3ED5789-8BDD-4E2C-9D25-68EC04E9BBF0}
		{BEC7DA78-C953-4A72-924F-2749D1F9F18B} = {ABC6A119-4561-4313-B779-790F5692D3D4}
		{5B40977E-E8FA-41BC-8F0A-6D6FDE237571} = {ABC6A119-4561-4313-B779-790F5692D3D4}
	EndGlobalSection
EndGlobal
